// !$*UTF8*$!
{
	archiveVersion = 1;
	classes = {
	};
	objectVersion = 46;
	objects = {

/* Begin PBXBuildFile section */
		B1A2365018E7CB840076636C /* example.cpp in Sources */ = {isa = PBXBuildFile; fileRef = B1A2364D18E7CB840076636C /* example.cpp */; };
		B1A2365118E7CB840076636C /* Timer.cpp in Sources */ = {isa = PBXBuildFile; fileRef = B1A2364E18E7CB840076636C /* Timer.cpp */; };
/* End PBXBuildFile section */

/* Begin PBXCopyFilesBuildPhase section */
		B1A2363F18E7CB5F0076636C /* CopyFiles */ = {
			isa = PBXCopyFilesBuildPhase;
			buildActionMask = 2147483647;
			dstPath = /usr/share/man/man1/;
			dstSubfolderSpec = 0;
			files = (
			);
			runOnlyForDeploymentPostprocessing = 1;
		};
/* End PBXCopyFilesBuildPhase section */

/* Begin PBXFileReference section */
		B1A2364118E7CB5F0076636C /* Xcode 5 Project */ = {isa = PBXFileReference; explicitFileType = "compiled.mach-o.executable"; includeInIndex = 0; path = "Xcode 5 Project"; sourceTree = BUILT_PRODUCTS_DIR; };
		B1A2364D18E7CB840076636C /* example.cpp */ = {isa = PBXFileReference; fileEncoding = 4; lastKnownFileType = sourcecode.cpp.cpp; name = example.cpp; path = ../../example.cpp; sourceTree = "<group>"; };
		B1A2364E18E7CB840076636C /* Timer.cpp */ = {isa = PBXFileReference; fileEncoding = 4; lastKnownFileType = sourcecode.cpp.cpp; name = Timer.cpp; path = ../../Timer.cpp; sourceTree = "<group>"; };
		B1A2364F18E7CB840076636C /* Timer.h */ = {isa = PBXFileReference; fileEncoding = 4; lastKnownFileType = sourcecode.c.h; name = Timer.h; path = ../../Timer.h; sourceTree = "<group>"; };
/* End PBXFileReference section */

/* Begin PBXFrameworksBuildPhase section */
		B1A2363E18E7CB5F0076636C /* Frameworks */ = {
			isa = PBXFrameworksBuildPhase;
			buildActionMask = 2147483647;
			files = (
			);
			runOnlyForDeploymentPostprocessing = 0;
		};
/* End PBXFrameworksBuildPhase section */

/* Begin PBXGroup section */
		B1A2363818E7CB5F0076636C = {
			isa = PBXGroup;
			children = (
				B1A2364318E7CB5F0076636C /* Xcode 5 Project */,
				B1A2364218E7CB5F0076636C /* Products */,
			);
			sourceTree = "<group>";
		};
		B1A2364218E7CB5F0076636C /* Products */ = {
			isa = PBXGroup;
			children = (
				B1A2364118E7CB5F0076636C /* Xcode 5 Project */,
			);
			name = Products;
			sourceTree = "<group>";
		};
		B1A2364318E7CB5F0076636C /* Xcode 5 Project */ = {
			isa = PBXGroup;
			children = (
				B1A2364D18E7CB840076636C /* example.cpp */,
				B1A2364E18E7CB840076636C /* Timer.cpp */,
				B1A2364F18E7CB840076636C /* Timer.h */,
			);
			path = "Xcode 5 Project";
			sourceTree = "<group>";
		};
/* End PBXGroup section */

/* Begin PBXNativeTarget section */
		B1A2364018E7CB5F0076636C /* Xcode 5 Project */ = {
			isa = PBXNativeTarget;
			buildConfigurationList = B1A2364A18E7CB5F0076636C /* Build configuration list for PBXNativeTarget "Xcode 5 Project" */;
			buildPhases = (
				B1A2363D18E7CB5F0076636C /* Sources */,
				B1A2363E18E7CB5F0076636C /* Frameworks */,
				B1A2363F18E7CB5F0076636C /* CopyFiles */,
			);
			buildRules = (
			);
			dependencies = (
			);
			name = "Xcode 5 Project";
			productName = "Xcode 5 Project";
			productReference = B1A2364118E7CB5F0076636C /* Xcode 5 Project */;
			productType = "com.apple.product-type.tool";
		};
/* End PBXNativeTarget section */

/* Begin PBXProject section */
		B1A2363918E7CB5F0076636C /* Project object */ = {
			isa = PBXProject;
			attributes = {
				LastUpgradeCheck = 0510;
				ORGANIZATIONNAME = "Yuchen Zhong";
			};
			buildConfigurationList = B1A2363C18E7CB5F0076636C /* Build configuration list for PBXProject "Xcode 5 Project" */;
			compatibilityVersion = "Xcode 3.2";
			developmentRegion = English;
			hasScannedForEncodings = 0;
			knownRegions = (
				en,
			);
			mainGroup = B1A2363818E7CB5F0076636C;
			productRefGroup = B1A2364218E7CB5F0076636C /* Products */;
			projectDirPath = "";
			projectRoot = "";
			targets = (
				B1A2364018E7CB5F0076636C /* Xcode 5 Project */,
			);
		};
/* End PBXProject section */

/* Begin PBXSourcesBuildPhase section */
		B1A2363D18E7CB5F0076636C /* Sources */ = {
			isa = PBXSourcesBuildPhase;
			buildActionMask = 2147483647;
			files = (
				B1A2365118E7CB840076636C /* Timer.cpp in Sources */,
				B1A2365018E7CB840076636C /* example.cpp in Sources */,
			);
			runOnlyForDeploymentPostprocessing = 0;
		};
/* End PBXSourcesBuildPhase section */

/* Begin XCBuildConfiguration section */
		B1A2364818E7CB5F0076636C /* Debug */ = {
			isa = XCBuildConfiguration;
			buildSettings = {
				ALWAYS_SEARCH_USER_PATHS = NO;
				CLANG_CXX_LANGUAGE_STANDARD = "gnu++0x";
				CLANG_CXX_LIBRARY = "libc++";
				CLANG_ENABLE_MODULES = YES;
				CLANG_ENABLE_OBJC_ARC = YES;
				CLANG_WARN_BOOL_CONVERSION = YES;
				CLANG_WARN_CONSTANT_CONVERSION = YES;
				CLANG_WARN_DIRECT_OBJC_ISA_USAGE = YES_ERROR;
				CLANG_WARN_EMPTY_BODY = YES;
				CLANG_WARN_ENUM_CONVERSION = YES;
				CLANG_WARN_INT_CONVERSION = YES;
				CLANG_WARN_OBJC_ROOT_CLASS = YES_ERROR;
				CLANG_WARN__DUPLICATE_METHOD_MATCH = YES;
				COPY_PHASE_STRIP = NO;
				GCC_C_LANGUAGE_STANDARD = gnu99;
				GCC_DYNAMIC_NO_PIC = NO;
				GCC_ENABLE_OBJC_EXCEPTIONS = YES;
				GCC_OPTIMIZATION_LEVEL = 0;
				GCC_PREPROCESSOR_DEFINITIONS = (
					"DEBUG=1",
					"$(inherited)",
				);
				GCC_SYMBOLS_PRIVATE_EXTERN = NO;
				GCC_WARN_64_TO_32_BIT_CONVERSION = YES;
				GCC_WARN_ABOUT_RETURN_TYPE = YES_ERROR;
				GCC_WARN_UNDECLARED_SELECTOR = YES;
				GCC_WARN_UNINITIALIZED_AUTOS = YES_AGGRESSIVE;
				GCC_WARN_UNUSED_FUNCTION = YES;
				GCC_WARN_UNUSED_VARIABLE = YES;
				MACOSX_DEPLOYMENT_TARGET = 10.9;
				ONLY_ACTIVE_ARCH = YES;
				SDKROOT = macosx;
			};
			name = Debug;
		};
		B1A2364918E7CB5F0076636C /* Release */ = {
			isa = XCBuildConfiguration;
			buildSettings = {
				ALWAYS_SEARCH_USER_PATHS = NO;
				CLANG_CXX_LANGUAGE_STANDARD = "gnu++0x";
				CLANG_CXX_LIBRARY = "libc++";
				CLANG_ENABLE_MODULES = YES;
				CLANG_ENABLE_OBJC_ARC = YES;
				CLANG_WARN_BOOL_CONVERSION = YES;
				CLANG_WARN_CONSTANT_CONVERSION = YES;
				CLANG_WARN_DIRECT_OBJC_ISA_USAGE = YES_ERROR;
				CLANG_WARN_EMPTY_BODY = YES;
				CLANG_WARN_ENUM_CONVERSION = YES;
				CLANG_WARN_INT_CONVERSION = YES;
				CLANG_WARN_OBJC_ROOT_CLASS = YES_ERROR;
				CLANG_WARN__DUPLICATE_METHOD_MATCH = YES;
				COPY_PHASE_STRIP = YES;
				DEBUG_INFORMATION_FORMAT = "dwarf-with-dsym";
				ENABLE_NS_ASSERTIONS = NO;
				GCC_C_LANGUAGE_STANDARD = gnu99;
				GCC_ENABLE_OBJC_EXCEPTIONS = YES;
				GCC_WARN_64_TO_32_BIT_CONVERSION = YES;
				GCC_WARN_ABOUT_RETURN_TYPE = YES_ERROR;
				GCC_WARN_UNDECLARED_SELECTOR = YES;
				GCC_WARN_UNINITIALIZED_AUTOS = YES_AGGRESSIVE;
				GCC_WARN_UNUSED_FUNCTION = YES;
				GCC_WARN_UNUSED_VARIABLE = YES;
				MACOSX_DEPLOYMENT_TARGET = 10.9;
				SDKROOT = macosx;
			};
			name = Release;
		};
		B1A2364B18E7CB5F0076636C /* Debug */ = {
			isa = XCBuildConfiguration;
			buildSettings = {
				PRODUCT_NAME = "$(TARGET_NAME)";
			};
			name = Debug;
		};
		B1A2364C18E7CB5F0076636C /* Release */ = {
			isa = XCBuildConfiguration;
			buildSettings = {
				PRODUCT_NAME = "$(TARGET_NAME)";
			};
			name = Release;
		};
/* End XCBuildConfiguration section */

/* Begin XCConfigurationList section */
		B1A2363C18E7CB5F0076636C /* Build configuration list for PBXProject "Xcode 5 Project" */ = {
			isa = XCConfigurationList;
			buildConfigurations = (
				B1A2364818E7CB5F0076636C /* Debug */,
				B1A2364918E7CB5F0076636C /* Release */,
			);
			defaultConfigurationIsVisible = 0;
			defaultConfigurationName = Release;
		};
		B1A2364A18E7CB5F0076636C /* Build configuration list for PBXNativeTarget "Xcode 5 Project" */ = {
			isa = XCConfigurationList;
			buildConfigurations = (
				B1A2364B18E7CB5F0076636C /* Debug */,
				B1A2364C18E7CB5F0076636C /* Release */,
			);
			defaultConfigurationIsVisible = 0;
		};
/* End XCConfigurationList section */
	};
	rootObject = B1A2363918E7CB5F0076636C /* Project object */;
}
